<Solution>
  <Folder Name="/Notifications/">
    <Project Path="Store.Notifications.API\Store.Notifications.API.csproj" />
    <Project Path="Store.Notifications.Domain/Store.Notifications.Domain.csproj" />
    <Project Path="Store.Notifications.Infrastructure/Store.Notifications.Infrastructure.csproj" />
  </Folder>

  <Folder Name="/Store.API/">
    <Project Path="Store.Application/Store.Application.csproj" />
    <Project Path="Store.Domain/Store.Domain.csproj" />
    <Project Path="Store.API/Store.API.csproj" />
    <Project Path="Store.Infrastructure\Store.Infrastructure.csproj" />
    <Project Path="Store.MailService.Service\Store.MailService.Service.csproj" />
    <Project Path="Store.Shared/Store.Shared.csproj" />
  </Folder>
</Solution>
